
Microsoft Visual Studio Solution File, Format Version 12.00
# Visual Studio Version 17
VisualStudioVersion = 17.0.31717.71
MinimumVisualStudioVersion = 10.0.40219.1
Project("{9A19103F-16F7-4668-BE54-9A1E7A4F7556}") = "ModelingEvolution.Plumberd", "ModelingEvolution.Plumberd.Abstrations\ModelingEvolution.Plumberd.csproj", "{1D05A9D3-F8A4-4C21-800A-4F502403F699}"
EndProject
Project("{9A19103F-16F7-4668-BE54-9A1E7A4F7556}") = "ModelingEvolution.Plumberd.Tests", "ModelingEvolution.Plumberd.Tests\ModelingEvolution.Plumberd.Tests.csproj", "{65D0B947-F25B-4BE2-969D-08C8071E23A0}"
EndProject
Project("{9A19103F-16F7-4668-BE54-9A1E7A4F7556}") = "ModelingEvolution.Plumberd.EventStore", "ModelingEvolution.Plumberd.EventStore\ModelingEvolution.Plumberd.EventStore.csproj", "{38035D80-E2FF-4683-80A8-64BFD310B9D5}"
EndProject
Project("{2150E333-8FDC-42A3-9474-1A3956D46DE8}") = "Solution Items", "Solution Items", "{0AD30101-00A4-4037-902F-EF8CA829F541}"
	ProjectSection(SolutionItems) = preProject
		build.cake = build.cake
		Build\cake.ps1 = Build\cake.ps1
		LICENSE = LICENSE
		logo-squere.png = logo-squere.png
		README.md = README.md
	EndProjectSection
EndProject
Project("{9A19103F-16F7-4668-BE54-9A1E7A4F7556}") = "ModelingEvolution.Plumberd.GrpcProxy", "ModelingEvolution.Plumberd.GrpcProxy\ModelingEvolution.Plumberd.GrpcProxy.csproj", "{BA72975E-1A94-43F4-8ED8-9FC447E0DA46}"
EndProject
Project("{2150E333-8FDC-42A3-9474-1A3956D46DE8}") = "Examples", "Examples", "{3C2D584F-AD47-4535-A680-ED465DE9F716}"
EndProject
Project("{9A19103F-16F7-4668-BE54-9A1E7A4F7556}") = "Checkers", "Checkers\Checkers.csproj", "{3AF7D151-B149-4BD2-83D2-4E62FD06EA6B}"
EndProject
Project("{9A19103F-16F7-4668-BE54-9A1E7A4F7556}") = "ModelingEvolution.Plumberd.Client.GrpcProxy", "ModelingEvolution.Plumberd.Client.GrpcProxy\ModelingEvolution.Plumberd.Client.GrpcProxy.csproj", "{60AE68D3-30F3-4759-913A-3348BE59F540}"
EndProject
Project("{9A19103F-16F7-4668-BE54-9A1E7A4F7556}") = "ModelingEvolution.Plumberd.Client.Tests", "ModelingEvolution.Plumberd.Client.Tests\ModelingEvolution.Plumberd.Client.Tests.csproj", "{A1CCCD68-B8D9-4657-B568-2CCEB88FA51D}"
EndProject
Project("{FAE04EC0-301F-11D3-BF4B-00C04F79EFBC}") = "ModelingEvolution.Plumberd.Maui", "ModelingEvolution.Plumberd.Maui\ModelingEvolution.Plumberd.Maui.csproj", "{219EE7D3-5CC5-4865-8FCD-B6796E479FEE}"
EndProject
Global
	GlobalSection(SolutionConfigurationPlatforms) = preSolution
		Debug|Any CPU = Debug|Any CPU
		Release|Any CPU = Release|Any CPU
	EndGlobalSection
	GlobalSection(ProjectConfigurationPlatforms) = postSolution
		{1D05A9D3-F8A4-4C21-800A-4F502403F699}.Debug|Any CPU.ActiveCfg = Debug|Any CPU
		{1D05A9D3-F8A4-4C21-800A-4F502403F699}.Debug|Any CPU.Build.0 = Debug|Any CPU
		{1D05A9D3-F8A4-4C21-800A-4F502403F699}.Release|Any CPU.ActiveCfg = Release|Any CPU
		{1D05A9D3-F8A4-4C21-800A-4F502403F699}.Release|Any CPU.Build.0 = Release|Any CPU
		{65D0B947-F25B-4BE2-969D-08C8071E23A0}.Debug|Any CPU.ActiveCfg = Debug|Any CPU
		{65D0B947-F25B-4BE2-969D-08C8071E23A0}.Debug|Any CPU.Build.0 = Debug|Any CPU
		{65D0B947-F25B-4BE2-969D-08C8071E23A0}.Release|Any CPU.ActiveCfg = Release|Any CPU
		{65D0B947-F25B-4BE2-969D-08C8071E23A0}.Release|Any CPU.Build.0 = Release|Any CPU
		{38035D80-E2FF-4683-80A8-64BFD310B9D5}.Debug|Any CPU.ActiveCfg = Debug|Any CPU
		{38035D80-E2FF-4683-80A8-64BFD310B9D5}.Debug|Any CPU.Build.0 = Debug|Any CPU
		{38035D80-E2FF-4683-80A8-64BFD310B9D5}.Release|Any CPU.ActiveCfg = Release|Any CPU
		{38035D80-E2FF-4683-80A8-64BFD310B9D5}.Release|Any CPU.Build.0 = Release|Any CPU
		{BA72975E-1A94-43F4-8ED8-9FC447E0DA46}.Debug|Any CPU.ActiveCfg = Debug|Any CPU
		{BA72975E-1A94-43F4-8ED8-9FC447E0DA46}.Debug|Any CPU.Build.0 = Debug|Any CPU
		{BA72975E-1A94-43F4-8ED8-9FC447E0DA46}.Release|Any CPU.ActiveCfg = Release|Any CPU
		{BA72975E-1A94-43F4-8ED8-9FC447E0DA46}.Release|Any CPU.Build.0 = Release|Any CPU
		{3AF7D151-B149-4BD2-83D2-4E62FD06EA6B}.Debug|Any CPU.ActiveCfg = Debug|Any CPU
		{3AF7D151-B149-4BD2-83D2-4E62FD06EA6B}.Debug|Any CPU.Build.0 = Debug|Any CPU
		{3AF7D151-B149-4BD2-83D2-4E62FD06EA6B}.Release|Any CPU.ActiveCfg = Release|Any CPU
		{3AF7D151-B149-4BD2-83D2-4E62FD06EA6B}.Release|Any CPU.Build.0 = Release|Any CPU
		{60AE68D3-30F3-4759-913A-3348BE59F540}.Debug|Any CPU.ActiveCfg = Debug|Any CPU
		{60AE68D3-30F3-4759-913A-3348BE59F540}.Debug|Any CPU.Build.0 = Debug|Any CPU
		{60AE68D3-30F3-4759-913A-3348BE59F540}.Release|Any CPU.ActiveCfg = Release|Any CPU
		{60AE68D3-30F3-4759-913A-3348BE59F540}.Release|Any CPU.Build.0 = Release|Any CPU
		{A1CCCD68-B8D9-4657-B568-2CCEB88FA51D}.Debug|Any CPU.ActiveCfg = Debug|Any CPU
		{A1CCCD68-B8D9-4657-B568-2CCEB88FA51D}.Debug|Any CPU.Build.0 = Debug|Any CPU
		{A1CCCD68-B8D9-4657-B568-2CCEB88FA51D}.Release|Any CPU.ActiveCfg = Release|Any CPU
		{A1CCCD68-B8D9-4657-B568-2CCEB88FA51D}.Release|Any CPU.Build.0 = Release|Any CPU
		{219EE7D3-5CC5-4865-8FCD-B6796E479FEE}.Debug|Any CPU.ActiveCfg = Debug|Any CPU
		{219EE7D3-5CC5-4865-8FCD-B6796E479FEE}.Debug|Any CPU.Build.0 = Debug|Any CPU
		{219EE7D3-5CC5-4865-8FCD-B6796E479FEE}.Debug|Any CPU.Deploy.0 = Debug|Any CPU
		{219EE7D3-5CC5-4865-8FCD-B6796E479FEE}.Release|Any CPU.ActiveCfg = Release|Any CPU
		{219EE7D3-5CC5-4865-8FCD-B6796E479FEE}.Release|Any CPU.Build.0 = Release|Any CPU
		{219EE7D3-5CC5-4865-8FCD-B6796E479FEE}.Release|Any CPU.Deploy.0 = Release|Any CPU
	EndGlobalSection
	GlobalSection(SolutionProperties) = preSolution
		HideSolutionNode = FALSE
	EndGlobalSection
	GlobalSection(NestedProjects) = preSolution
		{3AF7D151-B149-4BD2-83D2-4E62FD06EA6B} = {3C2D584F-AD47-4535-A680-ED465DE9F716}
	EndGlobalSection
	GlobalSection(ExtensibilityGlobals) = postSolution
		SolutionGuid = {908EAF1A-0B33-486F-A6C4-B6A65363FBC9}
	EndGlobalSection
EndGlobal
