
Microsoft Visual Studio Solution File, Format Version 12.00
# Visual Studio Version 16
VisualStudioVersion = 16.0.30626.31
MinimumVisualStudioVersion = 10.0.40219.1
Project("{9A19103F-16F7-4668-BE54-9A1E7A4F7556}") = "ModelingEvolution.Plumberd", "ModelingEvolution.Plumberd.Abstrations\ModelingEvolution.Plumberd.csproj", "{1D05A9D3-F8A4-4C21-800A-4F502403F699}"
EndProject
Project("{9A19103F-16F7-4668-BE54-9A1E7A4F7556}") = "ModelingEvolution.Plumberd.Tests", "ModelingEvolution.Plumberd.Tests\ModelingEvolution.Plumberd.Tests.csproj", "{65D0B947-F25B-4BE2-969D-08C8071E23A0}"
EndProject
Project("{9A19103F-16F7-4668-BE54-9A1E7A4F7556}") = "ModelingEvolution.Plumberd.EventStore", "ModelingEvolution.Plumberd.EventStore\ModelingEvolution.Plumberd.EventStore.csproj", "{38035D80-E2FF-4683-80A8-64BFD310B9D5}"
EndProject
Project("{2150E333-8FDC-42A3-9474-1A3956D46DE8}") = "Solution Items", "Solution Items", "{0AD30101-00A4-4037-902F-EF8CA829F541}"
	ProjectSection(SolutionItems) = preProject
		build.cake = build.cake
		LICENSE = LICENSE
		README.md = README.md
	EndProjectSection
EndProject
Project("{FAE04EC0-301F-11D3-BF4B-00C04F79EFBC}") = "ModelingEvolution.Plumberd.GrpcEventStore", "..\ModelingEvolution.Plumberd.GrpcEventStore\ModelingEvolution.Plumberd.GrpcEventStore.csproj", "{4E2B7223-92CD-4B11-B352-BAFE0F6AF935}"
EndProject
Global
	GlobalSection(SolutionConfigurationPlatforms) = preSolution
		Debug|Any CPU = Debug|Any CPU
		Release|Any CPU = Release|Any CPU
	EndGlobalSection
	GlobalSection(ProjectConfigurationPlatforms) = postSolution
		{1D05A9D3-F8A4-4C21-800A-4F502403F699}.Debug|Any CPU.ActiveCfg = Debug|Any CPU
		{1D05A9D3-F8A4-4C21-800A-4F502403F699}.Debug|Any CPU.Build.0 = Debug|Any CPU
		{1D05A9D3-F8A4-4C21-800A-4F502403F699}.Release|Any CPU.ActiveCfg = Release|Any CPU
		{1D05A9D3-F8A4-4C21-800A-4F502403F699}.Release|Any CPU.Build.0 = Release|Any CPU
		{65D0B947-F25B-4BE2-969D-08C8071E23A0}.Debug|Any CPU.ActiveCfg = Debug|Any CPU
		{65D0B947-F25B-4BE2-969D-08C8071E23A0}.Debug|Any CPU.Build.0 = Debug|Any CPU
		{65D0B947-F25B-4BE2-969D-08C8071E23A0}.Release|Any CPU.ActiveCfg = Release|Any CPU
		{65D0B947-F25B-4BE2-969D-08C8071E23A0}.Release|Any CPU.Build.0 = Release|Any CPU
		{38035D80-E2FF-4683-80A8-64BFD310B9D5}.Debug|Any CPU.ActiveCfg = Debug|Any CPU
		{38035D80-E2FF-4683-80A8-64BFD310B9D5}.Debug|Any CPU.Build.0 = Debug|Any CPU
		{38035D80-E2FF-4683-80A8-64BFD310B9D5}.Release|Any CPU.ActiveCfg = Release|Any CPU
		{38035D80-E2FF-4683-80A8-64BFD310B9D5}.Release|Any CPU.Build.0 = Release|Any CPU
		{4E2B7223-92CD-4B11-B352-BAFE0F6AF935}.Debug|Any CPU.ActiveCfg = Debug|Any CPU
		{4E2B7223-92CD-4B11-B352-BAFE0F6AF935}.Debug|Any CPU.Build.0 = Debug|Any CPU
		{4E2B7223-92CD-4B11-B352-BAFE0F6AF935}.Release|Any CPU.ActiveCfg = Release|Any CPU
		{4E2B7223-92CD-4B11-B352-BAFE0F6AF935}.Release|Any CPU.Build.0 = Release|Any CPU
	EndGlobalSection
	GlobalSection(SolutionProperties) = preSolution
		HideSolutionNode = FALSE
	EndGlobalSection
	GlobalSection(ExtensibilityGlobals) = postSolution
		SolutionGuid = {908EAF1A-0B33-486F-A6C4-B6A65363FBC9}
	EndGlobalSection
EndGlobal
